
Microsoft Visual Studio Solution File, Format Version 12.00
# Visual Studio Version 16
VisualStudioVersion = 16.0.29009.5
MinimumVisualStudioVersion = 10.0.40219.1
Project("{9A19103F-16F7-4668-BE54-9A1E7A4F7556}") = "TeamManager.Manual.Web", "TeamManager.Manual\TeamManager.Manual.Web.csproj", "{93BC03A7-E874-450C-96E5-3646F429CBB2}"
EndProject
Project("{9A19103F-16F7-4668-BE54-9A1E7A4F7556}") = "TeamManager.Manual.NotificationSender", "TeamManager.Manual.NotificationSender\TeamManager.Manual.NotificationSender.csproj", "{EF78EFD7-1583-45E9-8EE0-F05773A2074B}"
EndProject
Project("{9A19103F-16F7-4668-BE54-9A1E7A4F7556}") = "TeamManager.Manual.Core", "TeamManager.Manual.Core\TeamManager.Manual.Core.csproj", "{4A38A27C-E8E7-4ADF-A8E7-AE2D79D516AB}"
EndProject
Project("{9A19103F-16F7-4668-BE54-9A1E7A4F7556}") = "TeamManager.Manual.Web.Tests", "TeamManager.Manual.Tests\TeamManager.Manual.Web.Tests.csproj", "{1C1815BA-2823-4203-BE65-AAC5182596B7}"
EndProject
Project("{FAE04EC0-301F-11D3-BF4B-00C04F79EFBC}") = "TeamManager.Manual.Core.Tests", "TeamManager.Manual.Core.Tests\TeamManager.Manual.Core.Tests.csproj", "{19944360-5FD0-4FF7-A4EE-DE8F0D89816A}"
EndProject
Global
	GlobalSection(SolutionConfigurationPlatforms) = preSolution
		Debug|Any CPU = Debug|Any CPU
		Release|Any CPU = Release|Any CPU
	EndGlobalSection
	GlobalSection(ProjectConfigurationPlatforms) = postSolution
		{93BC03A7-E874-450C-96E5-3646F429CBB2}.Debug|Any CPU.ActiveCfg = Debug|Any CPU
		{93BC03A7-E874-450C-96E5-3646F429CBB2}.Debug|Any CPU.Build.0 = Debug|Any CPU
		{93BC03A7-E874-450C-96E5-3646F429CBB2}.Release|Any CPU.ActiveCfg = Release|Any CPU
		{93BC03A7-E874-450C-96E5-3646F429CBB2}.Release|Any CPU.Build.0 = Release|Any CPU
		{EF78EFD7-1583-45E9-8EE0-F05773A2074B}.Debug|Any CPU.ActiveCfg = Debug|Any CPU
		{EF78EFD7-1583-45E9-8EE0-F05773A2074B}.Debug|Any CPU.Build.0 = Debug|Any CPU
		{EF78EFD7-1583-45E9-8EE0-F05773A2074B}.Release|Any CPU.ActiveCfg = Release|Any CPU
		{EF78EFD7-1583-45E9-8EE0-F05773A2074B}.Release|Any CPU.Build.0 = Release|Any CPU
		{4A38A27C-E8E7-4ADF-A8E7-AE2D79D516AB}.Debug|Any CPU.ActiveCfg = Debug|Any CPU
		{4A38A27C-E8E7-4ADF-A8E7-AE2D79D516AB}.Debug|Any CPU.Build.0 = Debug|Any CPU
		{4A38A27C-E8E7-4ADF-A8E7-AE2D79D516AB}.Release|Any CPU.ActiveCfg = Release|Any CPU
		{4A38A27C-E8E7-4ADF-A8E7-AE2D79D516AB}.Release|Any CPU.Build.0 = Release|Any CPU
		{1C1815BA-2823-4203-BE65-AAC5182596B7}.Debug|Any CPU.ActiveCfg = Debug|Any CPU
		{1C1815BA-2823-4203-BE65-AAC5182596B7}.Debug|Any CPU.Build.0 = Debug|Any CPU
		{1C1815BA-2823-4203-BE65-AAC5182596B7}.Release|Any CPU.ActiveCfg = Release|Any CPU
		{1C1815BA-2823-4203-BE65-AAC5182596B7}.Release|Any CPU.Build.0 = Release|Any CPU
		{19944360-5FD0-4FF7-A4EE-DE8F0D89816A}.Debug|Any CPU.ActiveCfg = Debug|Any CPU
		{19944360-5FD0-4FF7-A4EE-DE8F0D89816A}.Debug|Any CPU.Build.0 = Debug|Any CPU
		{19944360-5FD0-4FF7-A4EE-DE8F0D89816A}.Release|Any CPU.ActiveCfg = Release|Any CPU
		{19944360-5FD0-4FF7-A4EE-DE8F0D89816A}.Release|Any CPU.Build.0 = Release|Any CPU
	EndGlobalSection
	GlobalSection(SolutionProperties) = preSolution
		HideSolutionNode = FALSE
	EndGlobalSection
	GlobalSection(ExtensibilityGlobals) = postSolution
		SolutionGuid = {2E92CF74-734D-47F5-BE5B-D6F21F335785}
	EndGlobalSection
EndGlobal
